// !$*UTF8*$!
{
	archiveVersion = 1;
	classes = {
	};
	objectVersion = 55;
	objects = {

/* Begin PBXBuildFile section */
		2A53706127A427D8000ABBDA /* TopicSortOrderPicker.swift in Sources */ = {isa = PBXBuildFile; fileRef = 2A53706027A427D8000ABBDA /* TopicSortOrderPicker.swift */; };
		2A53706327A4292D000ABBDA /* TopicPinButton.swift in Sources */ = {isa = PBXBuildFile; fileRef = 2A53706227A4292D000ABBDA /* TopicPinButton.swift */; };
		2A53706527A42DE8000ABBDA /* TopicsView.swift in Sources */ = {isa = PBXBuildFile; fileRef = 2A53706427A42DE8000ABBDA /* TopicsView.swift */; };
		2A5B058C27A40AD300319826 /* ForumStorage.swift in Sources */ = {isa = PBXBuildFile; fileRef = 2A5B058B27A40AD300319826 /* ForumStorage.swift */; };
		2A5B058F27A40C0400319826 /* ToggleSidebarButton.swift in Sources */ = {isa = PBXBuildFile; fileRef = 2A5B058E27A40C0400319826 /* ToggleSidebarButton.swift */; };
		2A5B059127A40C6400319826 /* ForumSubscriptionButton.swift in Sources */ = {isa = PBXBuildFile; fileRef = 2A5B059027A40C6400319826 /* ForumSubscriptionButton.swift */; };
		2A5B059327A40CAB00319826 /* ForumUnsubscriptionButton.swift in Sources */ = {isa = PBXBuildFile; fileRef = 2A5B059227A40CAB00319826 /* ForumUnsubscriptionButton.swift */; };
		2A5B059627A40E3D00319826 /* SidebarView.swift in Sources */ = {isa = PBXBuildFile; fileRef = 2A5B059527A40E3D00319826 /* SidebarView.swift */; };
		2A5B059827A4222B00319826 /* TopicStorage.swift in Sources */ = {isa = PBXBuildFile; fileRef = 2A5B059727A4222B00319826 /* TopicStorage.swift */; };
		2A786072279D5EB900532E1D /* Forum.swift in Sources */ = {isa = PBXBuildFile; fileRef = 2A786071279D5EB900532E1D /* Forum.swift */; };
		2A786075279D5F6000532E1D /* ForumRow.swift in Sources */ = {isa = PBXBuildFile; fileRef = 2A786074279D5F6000532E1D /* ForumRow.swift */; };
		2A786077279D601D00532E1D /* ForumListView.swift in Sources */ = {isa = PBXBuildFile; fileRef = 2A786076279D601D00532E1D /* ForumListView.swift */; };
		2A7860A4279E779A00532E1D /* Catalog.swift in Sources */ = {isa = PBXBuildFile; fileRef = 2A7860A3279E779A00532E1D /* Catalog.swift */; };
		2A7860B3279E7C3A00532E1D /* CatalogTests.swift in Sources */ = {isa = PBXBuildFile; fileRef = 2A7860B2279E7C3A00532E1D /* CatalogTests.swift */; };
		2A7860B5279E93F900532E1D /* CatalogRow.swift in Sources */ = {isa = PBXBuildFile; fileRef = 2A7860B4279E93F900532E1D /* CatalogRow.swift */; };
		2A7860B7279E94E600532E1D /* CatalogView.swift in Sources */ = {isa = PBXBuildFile; fileRef = 2A7860B6279E94E600532E1D /* CatalogView.swift */; };
		2A7860BA279E96B300532E1D /* ForumCatalogFetching.swift in Sources */ = {isa = PBXBuildFile; fileRef = 2A7860B9279E96B300532E1D /* ForumCatalogFetching.swift */; };
		2A7860BC279E982800532E1D /* FetchingError.swift in Sources */ = {isa = PBXBuildFile; fileRef = 2A7860BB279E982800532E1D /* FetchingError.swift */; };
		2A7860BE279E998C00532E1D /* ForumCatalogView.swift in Sources */ = {isa = PBXBuildFile; fileRef = 2A7860BD279E998C00532E1D /* ForumCatalogView.swift */; };
		2A7860C0279E9A4600532E1D /* ForumCatalog.ViewModel.swift in Sources */ = {isa = PBXBuildFile; fileRef = 2A7860BF279E9A4600532E1D /* ForumCatalog.ViewModel.swift */; };
		2A7860D2279FEB7600532E1D /* Topic.swift in Sources */ = {isa = PBXBuildFile; fileRef = 2A7860D1279FEB7600532E1D /* Topic.swift */; };
		2A7860D4279FF06500532E1D /* TopicRow.swift in Sources */ = {isa = PBXBuildFile; fileRef = 2A7860D3279FF06500532E1D /* TopicRow.swift */; };
		2A7860D8279FF14700532E1D /* ContentSizeViewModelTests.swift in Sources */ = {isa = PBXBuildFile; fileRef = 2A7860D7279FF14700532E1D /* ContentSizeViewModelTests.swift */; };
		2A7860DA279FF32A00532E1D /* TopicListView.swift in Sources */ = {isa = PBXBuildFile; fileRef = 2A7860D9279FF32A00532E1D /* TopicListView.swift */; };
		2A7860DC279FF33F00532E1D /* TopicList.ViewModel.swift in Sources */ = {isa = PBXBuildFile; fileRef = 2A7860DB279FF33F00532E1D /* TopicList.ViewModel.swift */; };
		2A7860DE279FF42C00532E1D /* TopicListViewModelTests.swift in Sources */ = {isa = PBXBuildFile; fileRef = 2A7860DD279FF42C00532E1D /* TopicListViewModelTests.swift */; };
		2A7A8524279D3C83003579FF /* lodesmanApp.swift in Sources */ = {isa = PBXBuildFile; fileRef = 2A7A8523279D3C83003579FF /* lodesmanApp.swift */; };
		2A7A8526279D3C83003579FF /* ContentView.swift in Sources */ = {isa = PBXBuildFile; fileRef = 2A7A8525279D3C83003579FF /* ContentView.swift */; };
		2A7A8528279D3C84003579FF /* Assets.xcassets in Resources */ = {isa = PBXBuildFile; fileRef = 2A7A8527279D3C84003579FF /* Assets.xcassets */; };
		2A7A852B279D3C84003579FF /* Preview Assets.xcassets in Resources */ = {isa = PBXBuildFile; fileRef = 2A7A852A279D3C84003579FF /* Preview Assets.xcassets */; };
		2A7A8533279D3D54003579FF /* README.md in Resources */ = {isa = PBXBuildFile; fileRef = 2A7A8532279D3D54003579FF /* README.md */; };
		2A7A8535279D3D61003579FF /* LICENSE in Resources */ = {isa = PBXBuildFile; fileRef = 2A7A8534279D3D61003579FF /* LICENSE */; };
		2A7B619C27A5393C00949123 /* CatalogPage.swift in Sources */ = {isa = PBXBuildFile; fileRef = 2A7B619B27A5393C00949123 /* CatalogPage.swift */; };
		2A7B619E27A53B5100949123 /* XMLNode.swift in Sources */ = {isa = PBXBuildFile; fileRef = 2A7B619D27A53B5100949123 /* XMLNode.swift */; };
		2A7B61A027A53FD100949123 /* CatalogPageTests.swift in Sources */ = {isa = PBXBuildFile; fileRef = 2A7B619F27A53FD100949123 /* CatalogPageTests.swift */; };
		2A7B61A227A5491100949123 /* NetworkFetching.swift in Sources */ = {isa = PBXBuildFile; fileRef = 2A7B61A127A5491100949123 /* NetworkFetching.swift */; };
		2A7B61A427A54A8400949123 /* ServerConnection.swift in Sources */ = {isa = PBXBuildFile; fileRef = 2A7B61A327A54A8400949123 /* ServerConnection.swift */; };
		2A7B61A627A5557300949123 /* ServerConnectionTests.swift in Sources */ = {isa = PBXBuildFile; fileRef = 2A7B61A527A5557300949123 /* ServerConnectionTests.swift */; };
		2A7B61AA27A6C47B00949123 /* lodesman.xcdatamodeld in Sources */ = {isa = PBXBuildFile; fileRef = 2A7B61A827A6C47B00949123 /* lodesman.xcdatamodeld */; };
		2A7B61AF27A6C49F00949123 /* MOForum.swift in Sources */ = {isa = PBXBuildFile; fileRef = 2A7B61AB27A6C49F00949123 /* MOForum.swift */; };
		2A7B61B027A6C49F00949123 /* MOTopic.swift in Sources */ = {isa = PBXBuildFile; fileRef = 2A7B61AC27A6C49F00949123 /* MOTopic.swift */; };
		2A7B61B127A6C49F00949123 /* Persistent.swift in Sources */ = {isa = PBXBuildFile; fileRef = 2A7B61AD27A6C49F00949123 /* Persistent.swift */; };
		2A7B61B227A6C49F00949123 /* MOAttachment.swift in Sources */ = {isa = PBXBuildFile; fileRef = 2A7B61AE27A6C49F00949123 /* MOAttachment.swift */; };
		2A7B61B427A6C9AF00949123 /* Storage.swift in Sources */ = {isa = PBXBuildFile; fileRef = 2A7B61B327A6C9AF00949123 /* Storage.swift */; };
		2A7B61B627A6C9E600949123 /* PersistentStorageTests.swift in Sources */ = {isa = PBXBuildFile; fileRef = 2A7B61B527A6C9E600949123 /* PersistentStorageTests.swift */; };
		2A7B61BA27A8346700949123 /* ForumPage.swift in Sources */ = {isa = PBXBuildFile; fileRef = 2A7B61B927A8346700949123 /* ForumPage.swift */; };
		2A7B61BC27A8359E00949123 /* ForumPageTests.swift in Sources */ = {isa = PBXBuildFile; fileRef = 2A7B61BB27A8359E00949123 /* ForumPageTests.swift */; };
		2A7B61BE27A931D600949123 /* ForumPageHeaderTests.swift in Sources */ = {isa = PBXBuildFile; fileRef = 2A7B61BD27A931D600949123 /* ForumPageHeaderTests.swift */; };
		2A7B61C027A941BB00949123 /* ForumPageTopicTests.swift in Sources */ = {isa = PBXBuildFile; fileRef = 2A7B61BF27A941BB00949123 /* ForumPageTopicTests.swift */; };
		2A7B61C227A96A7500949123 /* TopicFetching.swift in Sources */ = {isa = PBXBuildFile; fileRef = 2A7B61C127A96A7500949123 /* TopicFetching.swift */; };
		2AC15F7827AACD6A000F1DCB /* Content.ViewModel.swift in Sources */ = {isa = PBXBuildFile; fileRef = 2AC15F7727AACD6A000F1DCB /* Content.ViewModel.swift */; };
		2AC15F8027AEC145000F1DCB /* ForumList.ViewModel.swift in Sources */ = {isa = PBXBuildFile; fileRef = 2AC15F7F27AEC145000F1DCB /* ForumList.ViewModel.swift */; };
		2AC15F8227B00E58000F1DCB /* Availability.swift in Sources */ = {isa = PBXBuildFile; fileRef = 2AC15F8127B00E58000F1DCB /* Availability.swift */; };
		2AC15F8427B0147F000F1DCB /* AvailabilityView.swift in Sources */ = {isa = PBXBuildFile; fileRef = 2AC15F8327B0147F000F1DCB /* AvailabilityView.swift */; };
		2AC15F8627B0196D000F1DCB /* AvailabilityTests.swift in Sources */ = {isa = PBXBuildFile; fileRef = 2AC15F8527B0196D000F1DCB /* AvailabilityTests.swift */; };
		2AC15F8827B01EA7000F1DCB /* AvailabilityViewModelTests.swift in Sources */ = {isa = PBXBuildFile; fileRef = 2AC15F8727B01EA7000F1DCB /* AvailabilityViewModelTests.swift */; };
		2AC15F8A27B02F93000F1DCB /* ContentSize.swift in Sources */ = {isa = PBXBuildFile; fileRef = 2AC15F8927B02F93000F1DCB /* ContentSize.swift */; };
		2AC15F8C27B04B0F000F1DCB /* ContentSizeTests.swift in Sources */ = {isa = PBXBuildFile; fileRef = 2AC15F8B27B04B0F000F1DCB /* ContentSizeTests.swift */; };
		2AC15F8E27B0FC75000F1DCB /* TopicId.swift in Sources */ = {isa = PBXBuildFile; fileRef = 2AC15F8D27B0FC75000F1DCB /* TopicId.swift */; };
		2AC15F9027B10697000F1DCB /* TopicIdTests.swift in Sources */ = {isa = PBXBuildFile; fileRef = 2AC15F8F27B10697000F1DCB /* TopicIdTests.swift */; };
		2AC15F9227B10C95000F1DCB /* ForumId.swift in Sources */ = {isa = PBXBuildFile; fileRef = 2AC15F9127B10C95000F1DCB /* ForumId.swift */; };
		2AC15F9427B11582000F1DCB /* ForumIdTests.swift in Sources */ = {isa = PBXBuildFile; fileRef = 2AC15F9327B11582000F1DCB /* ForumIdTests.swift */; };
		2AC15F9627B26A56000F1DCB /* TopicTitle.swift in Sources */ = {isa = PBXBuildFile; fileRef = 2AC15F9527B26A56000F1DCB /* TopicTitle.swift */; };
		2AC15F9827B27B2E000F1DCB /* TopicTitleTests.swift in Sources */ = {isa = PBXBuildFile; fileRef = 2AC15F9727B27B2E000F1DCB /* TopicTitleTests.swift */; };
		2AD1FDF727A1B1C200EE7778 /* ContentSizeView.swift in Sources */ = {isa = PBXBuildFile; fileRef = 2AD1FDF627A1B1C200EE7778 /* ContentSizeView.swift */; };
		2AD1FDFB27A1B77000EE7778 /* AttributedTextView.swift in Sources */ = {isa = PBXBuildFile; fileRef = 2AD1FDFA27A1B77000EE7778 /* AttributedTextView.swift */; };
/* End PBXBuildFile section */

/* Begin PBXContainerItemProxy section */
		2A7860AD279E7C1F00532E1D /* PBXContainerItemProxy */ = {
			isa = PBXContainerItemProxy;
			containerPortal = 2A7A8518279D3C83003579FF /* Project object */;
			proxyType = 1;
			remoteGlobalIDString = 2A7A851F279D3C83003579FF;
			remoteInfo = lodesman;
		};
/* End PBXContainerItemProxy section */

/* Begin PBXFileReference section */
		2A53706027A427D8000ABBDA /* TopicSortOrderPicker.swift */ = {isa = PBXFileReference; lastKnownFileType = sourcecode.swift; path = TopicSortOrderPicker.swift; sourceTree = "<group>"; };
		2A53706227A4292D000ABBDA /* TopicPinButton.swift */ = {isa = PBXFileReference; lastKnownFileType = sourcecode.swift; path = TopicPinButton.swift; sourceTree = "<group>"; };
		2A53706427A42DE8000ABBDA /* TopicsView.swift */ = {isa = PBXFileReference; lastKnownFileType = sourcecode.swift; path = TopicsView.swift; sourceTree = "<group>"; };
		2A5B058B27A40AD300319826 /* ForumStorage.swift */ = {isa = PBXFileReference; lastKnownFileType = sourcecode.swift; path = ForumStorage.swift; sourceTree = "<group>"; };
		2A5B058E27A40C0400319826 /* ToggleSidebarButton.swift */ = {isa = PBXFileReference; lastKnownFileType = sourcecode.swift; path = ToggleSidebarButton.swift; sourceTree = "<group>"; };
		2A5B059027A40C6400319826 /* ForumSubscriptionButton.swift */ = {isa = PBXFileReference; lastKnownFileType = sourcecode.swift; path = ForumSubscriptionButton.swift; sourceTree = "<group>"; };
		2A5B059227A40CAB00319826 /* ForumUnsubscriptionButton.swift */ = {isa = PBXFileReference; lastKnownFileType = sourcecode.swift; path = ForumUnsubscriptionButton.swift; sourceTree = "<group>"; };
		2A5B059527A40E3D00319826 /* SidebarView.swift */ = {isa = PBXFileReference; lastKnownFileType = sourcecode.swift; path = SidebarView.swift; sourceTree = "<group>"; };
		2A5B059727A4222B00319826 /* TopicStorage.swift */ = {isa = PBXFileReference; lastKnownFileType = sourcecode.swift; path = TopicStorage.swift; sourceTree = "<group>"; };
		2A786071279D5EB900532E1D /* Forum.swift */ = {isa = PBXFileReference; lastKnownFileType = sourcecode.swift; path = Forum.swift; sourceTree = "<group>"; };
		2A786074279D5F6000532E1D /* ForumRow.swift */ = {isa = PBXFileReference; lastKnownFileType = sourcecode.swift; path = ForumRow.swift; sourceTree = "<group>"; };
		2A786076279D601D00532E1D /* ForumListView.swift */ = {isa = PBXFileReference; lastKnownFileType = sourcecode.swift; path = ForumListView.swift; sourceTree = "<group>"; };
		2A7860A3279E779A00532E1D /* Catalog.swift */ = {isa = PBXFileReference; lastKnownFileType = sourcecode.swift; path = Catalog.swift; sourceTree = "<group>"; };
		2A7860A9279E7C1F00532E1D /* lodesmanTests.xctest */ = {isa = PBXFileReference; explicitFileType = wrapper.cfbundle; includeInIndex = 0; path = lodesmanTests.xctest; sourceTree = BUILT_PRODUCTS_DIR; };
		2A7860B2279E7C3A00532E1D /* CatalogTests.swift */ = {isa = PBXFileReference; lastKnownFileType = sourcecode.swift; path = CatalogTests.swift; sourceTree = "<group>"; };
		2A7860B4279E93F900532E1D /* CatalogRow.swift */ = {isa = PBXFileReference; lastKnownFileType = sourcecode.swift; path = CatalogRow.swift; sourceTree = "<group>"; };
		2A7860B6279E94E600532E1D /* CatalogView.swift */ = {isa = PBXFileReference; lastKnownFileType = sourcecode.swift; path = CatalogView.swift; sourceTree = "<group>"; };
		2A7860B9279E96B300532E1D /* ForumCatalogFetching.swift */ = {isa = PBXFileReference; lastKnownFileType = sourcecode.swift; path = ForumCatalogFetching.swift; sourceTree = "<group>"; };
		2A7860BB279E982800532E1D /* FetchingError.swift */ = {isa = PBXFileReference; lastKnownFileType = sourcecode.swift; path = FetchingError.swift; sourceTree = "<group>"; };
		2A7860BD279E998C00532E1D /* ForumCatalogView.swift */ = {isa = PBXFileReference; lastKnownFileType = sourcecode.swift; path = ForumCatalogView.swift; sourceTree = "<group>"; };
		2A7860BF279E9A4600532E1D /* ForumCatalog.ViewModel.swift */ = {isa = PBXFileReference; lastKnownFileType = sourcecode.swift; path = ForumCatalog.ViewModel.swift; sourceTree = "<group>"; };
		2A7860D1279FEB7600532E1D /* Topic.swift */ = {isa = PBXFileReference; lastKnownFileType = sourcecode.swift; path = Topic.swift; sourceTree = "<group>"; };
		2A7860D3279FF06500532E1D /* TopicRow.swift */ = {isa = PBXFileReference; lastKnownFileType = sourcecode.swift; path = TopicRow.swift; sourceTree = "<group>"; };
		2A7860D7279FF14700532E1D /* ContentSizeViewModelTests.swift */ = {isa = PBXFileReference; lastKnownFileType = sourcecode.swift; path = ContentSizeViewModelTests.swift; sourceTree = "<group>"; };
		2A7860D9279FF32A00532E1D /* TopicListView.swift */ = {isa = PBXFileReference; lastKnownFileType = sourcecode.swift; path = TopicListView.swift; sourceTree = "<group>"; };
		2A7860DB279FF33F00532E1D /* TopicList.ViewModel.swift */ = {isa = PBXFileReference; lastKnownFileType = sourcecode.swift; path = TopicList.ViewModel.swift; sourceTree = "<group>"; };
		2A7860DD279FF42C00532E1D /* TopicListViewModelTests.swift */ = {isa = PBXFileReference; lastKnownFileType = sourcecode.swift; path = TopicListViewModelTests.swift; sourceTree = "<group>"; };
		2A7A8520279D3C83003579FF /* lodesman.app */ = {isa = PBXFileReference; explicitFileType = wrapper.application; includeInIndex = 0; path = lodesman.app; sourceTree = BUILT_PRODUCTS_DIR; };
		2A7A8523279D3C83003579FF /* lodesmanApp.swift */ = {isa = PBXFileReference; lastKnownFileType = sourcecode.swift; path = lodesmanApp.swift; sourceTree = "<group>"; };
		2A7A8525279D3C83003579FF /* ContentView.swift */ = {isa = PBXFileReference; lastKnownFileType = sourcecode.swift; path = ContentView.swift; sourceTree = "<group>"; };
		2A7A8527279D3C84003579FF /* Assets.xcassets */ = {isa = PBXFileReference; lastKnownFileType = folder.assetcatalog; path = Assets.xcassets; sourceTree = "<group>"; };
		2A7A852A279D3C84003579FF /* Preview Assets.xcassets */ = {isa = PBXFileReference; lastKnownFileType = folder.assetcatalog; path = "Preview Assets.xcassets"; sourceTree = "<group>"; };
		2A7A852C279D3C84003579FF /* lodesman.entitlements */ = {isa = PBXFileReference; lastKnownFileType = text.plist.entitlements; path = lodesman.entitlements; sourceTree = "<group>"; };
		2A7A8532279D3D54003579FF /* README.md */ = {isa = PBXFileReference; fileEncoding = 4; lastKnownFileType = net.daringfireball.markdown; path = README.md; sourceTree = "<group>"; };
		2A7A8534279D3D61003579FF /* LICENSE */ = {isa = PBXFileReference; fileEncoding = 4; lastKnownFileType = text; path = LICENSE; sourceTree = "<group>"; };
		2A7B619B27A5393C00949123 /* CatalogPage.swift */ = {isa = PBXFileReference; lastKnownFileType = sourcecode.swift; path = CatalogPage.swift; sourceTree = "<group>"; };
		2A7B619D27A53B5100949123 /* XMLNode.swift */ = {isa = PBXFileReference; lastKnownFileType = sourcecode.swift; path = XMLNode.swift; sourceTree = "<group>"; };
		2A7B619F27A53FD100949123 /* CatalogPageTests.swift */ = {isa = PBXFileReference; lastKnownFileType = sourcecode.swift; path = CatalogPageTests.swift; sourceTree = "<group>"; };
		2A7B61A127A5491100949123 /* NetworkFetching.swift */ = {isa = PBXFileReference; lastKnownFileType = sourcecode.swift; path = NetworkFetching.swift; sourceTree = "<group>"; };
		2A7B61A327A54A8400949123 /* ServerConnection.swift */ = {isa = PBXFileReference; lastKnownFileType = sourcecode.swift; path = ServerConnection.swift; sourceTree = "<group>"; };
		2A7B61A527A5557300949123 /* ServerConnectionTests.swift */ = {isa = PBXFileReference; lastKnownFileType = sourcecode.swift; path = ServerConnectionTests.swift; sourceTree = "<group>"; };
		2A7B61A927A6C47B00949123 /* lodesman.xcdatamodel */ = {isa = PBXFileReference; lastKnownFileType = wrapper.xcdatamodel; path = lodesman.xcdatamodel; sourceTree = "<group>"; };
		2A7B61AB27A6C49F00949123 /* MOForum.swift */ = {isa = PBXFileReference; fileEncoding = 4; lastKnownFileType = sourcecode.swift; path = MOForum.swift; sourceTree = "<group>"; };
		2A7B61AC27A6C49F00949123 /* MOTopic.swift */ = {isa = PBXFileReference; fileEncoding = 4; lastKnownFileType = sourcecode.swift; path = MOTopic.swift; sourceTree = "<group>"; };
		2A7B61AD27A6C49F00949123 /* Persistent.swift */ = {isa = PBXFileReference; fileEncoding = 4; lastKnownFileType = sourcecode.swift; path = Persistent.swift; sourceTree = "<group>"; };
		2A7B61AE27A6C49F00949123 /* MOAttachment.swift */ = {isa = PBXFileReference; fileEncoding = 4; lastKnownFileType = sourcecode.swift; path = MOAttachment.swift; sourceTree = "<group>"; };
		2A7B61B327A6C9AF00949123 /* Storage.swift */ = {isa = PBXFileReference; lastKnownFileType = sourcecode.swift; path = Storage.swift; sourceTree = "<group>"; };
		2A7B61B527A6C9E600949123 /* PersistentStorageTests.swift */ = {isa = PBXFileReference; fileEncoding = 4; lastKnownFileType = sourcecode.swift; path = PersistentStorageTests.swift; sourceTree = "<group>"; };
		2A7B61B927A8346700949123 /* ForumPage.swift */ = {isa = PBXFileReference; lastKnownFileType = sourcecode.swift; path = ForumPage.swift; sourceTree = "<group>"; };
		2A7B61BB27A8359E00949123 /* ForumPageTests.swift */ = {isa = PBXFileReference; lastKnownFileType = sourcecode.swift; path = ForumPageTests.swift; sourceTree = "<group>"; };
		2A7B61BD27A931D600949123 /* ForumPageHeaderTests.swift */ = {isa = PBXFileReference; lastKnownFileType = sourcecode.swift; path = ForumPageHeaderTests.swift; sourceTree = "<group>"; };
		2A7B61BF27A941BB00949123 /* ForumPageTopicTests.swift */ = {isa = PBXFileReference; lastKnownFileType = sourcecode.swift; path = ForumPageTopicTests.swift; sourceTree = "<group>"; };
		2A7B61C127A96A7500949123 /* TopicFetching.swift */ = {isa = PBXFileReference; lastKnownFileType = sourcecode.swift; path = TopicFetching.swift; sourceTree = "<group>"; };
		2AC15F7727AACD6A000F1DCB /* Content.ViewModel.swift */ = {isa = PBXFileReference; lastKnownFileType = sourcecode.swift; path = Content.ViewModel.swift; sourceTree = "<group>"; };
		2AC15F7F27AEC145000F1DCB /* ForumList.ViewModel.swift */ = {isa = PBXFileReference; lastKnownFileType = sourcecode.swift; path = ForumList.ViewModel.swift; sourceTree = "<group>"; };
		2AC15F8127B00E58000F1DCB /* Availability.swift */ = {isa = PBXFileReference; lastKnownFileType = sourcecode.swift; path = Availability.swift; sourceTree = "<group>"; };
		2AC15F8327B0147F000F1DCB /* AvailabilityView.swift */ = {isa = PBXFileReference; lastKnownFileType = sourcecode.swift; path = AvailabilityView.swift; sourceTree = "<group>"; };
		2AC15F8527B0196D000F1DCB /* AvailabilityTests.swift */ = {isa = PBXFileReference; lastKnownFileType = sourcecode.swift; path = AvailabilityTests.swift; sourceTree = "<group>"; };
		2AC15F8727B01EA7000F1DCB /* AvailabilityViewModelTests.swift */ = {isa = PBXFileReference; lastKnownFileType = sourcecode.swift; path = AvailabilityViewModelTests.swift; sourceTree = "<group>"; };
		2AC15F8927B02F93000F1DCB /* ContentSize.swift */ = {isa = PBXFileReference; lastKnownFileType = sourcecode.swift; path = ContentSize.swift; sourceTree = "<group>"; };
		2AC15F8B27B04B0F000F1DCB /* ContentSizeTests.swift */ = {isa = PBXFileReference; lastKnownFileType = sourcecode.swift; path = ContentSizeTests.swift; sourceTree = "<group>"; };
		2AC15F8D27B0FC75000F1DCB /* TopicId.swift */ = {isa = PBXFileReference; lastKnownFileType = sourcecode.swift; path = TopicId.swift; sourceTree = "<group>"; };
		2AC15F8F27B10697000F1DCB /* TopicIdTests.swift */ = {isa = PBXFileReference; lastKnownFileType = sourcecode.swift; path = TopicIdTests.swift; sourceTree = "<group>"; };
		2AC15F9127B10C95000F1DCB /* ForumId.swift */ = {isa = PBXFileReference; lastKnownFileType = sourcecode.swift; path = ForumId.swift; sourceTree = "<group>"; };
		2AC15F9327B11582000F1DCB /* ForumIdTests.swift */ = {isa = PBXFileReference; lastKnownFileType = sourcecode.swift; path = ForumIdTests.swift; sourceTree = "<group>"; };
		2AC15F9527B26A56000F1DCB /* TopicTitle.swift */ = {isa = PBXFileReference; lastKnownFileType = sourcecode.swift; path = TopicTitle.swift; sourceTree = "<group>"; };
		2AC15F9727B27B2E000F1DCB /* TopicTitleTests.swift */ = {isa = PBXFileReference; lastKnownFileType = sourcecode.swift; path = TopicTitleTests.swift; sourceTree = "<group>"; };
		2AD1FDF627A1B1C200EE7778 /* ContentSizeView.swift */ = {isa = PBXFileReference; lastKnownFileType = sourcecode.swift; path = ContentSizeView.swift; sourceTree = "<group>"; };
		2AD1FDFA27A1B77000EE7778 /* AttributedTextView.swift */ = {isa = PBXFileReference; lastKnownFileType = sourcecode.swift; path = AttributedTextView.swift; sourceTree = "<group>"; };
/* End PBXFileReference section */

/* Begin PBXFrameworksBuildPhase section */
		2A7860A6279E7C1F00532E1D /* Frameworks */ = {
			isa = PBXFrameworksBuildPhase;
			buildActionMask = 2147483647;
			files = (
			);
			runOnlyForDeploymentPostprocessing = 0;
		};
		2A7A851D279D3C83003579FF /* Frameworks */ = {
			isa = PBXFrameworksBuildPhase;
			buildActionMask = 2147483647;
			files = (
			);
			runOnlyForDeploymentPostprocessing = 0;
		};
/* End PBXFrameworksBuildPhase section */

/* Begin PBXGroup section */
		2A5B058D27A40BEB00319826 /* Controls */ = {
			isa = PBXGroup;
			children = (
				2A5B058E27A40C0400319826 /* ToggleSidebarButton.swift */,
				2A5B059027A40C6400319826 /* ForumSubscriptionButton.swift */,
				2A5B059227A40CAB00319826 /* ForumUnsubscriptionButton.swift */,
				2A53706027A427D8000ABBDA /* TopicSortOrderPicker.swift */,
				2A53706227A4292D000ABBDA /* TopicPinButton.swift */,
			);
			path = Controls;
			sourceTree = "<group>";
		};
		2A5B059427A40E2500319826 /* ContentViews */ = {
			isa = PBXGroup;
			children = (
				2A7A8525279D3C83003579FF /* ContentView.swift */,
				2AC15F7727AACD6A000F1DCB /* Content.ViewModel.swift */,
				2A5B059527A40E3D00319826 /* SidebarView.swift */,
				2A53706427A42DE8000ABBDA /* TopicsView.swift */,
			);
			path = ContentViews;
			sourceTree = "<group>";
		};
		2A786070279D5EA200532E1D /* Model */ = {
			isa = PBXGroup;
			children = (
				2A786071279D5EB900532E1D /* Forum.swift */,
				2A7860A3279E779A00532E1D /* Catalog.swift */,
				2A7860D1279FEB7600532E1D /* Topic.swift */,
				2AC15F9527B26A56000F1DCB /* TopicTitle.swift */,
				2AC15F8D27B0FC75000F1DCB /* TopicId.swift */,
				2AC15F9127B10C95000F1DCB /* ForumId.swift */,
				2AC15F8127B00E58000F1DCB /* Availability.swift */,
				2AC15F8927B02F93000F1DCB /* ContentSize.swift */,
				2A5B058B27A40AD300319826 /* ForumStorage.swift */,
				2A5B059727A4222B00319826 /* TopicStorage.swift */,
			);
			path = Model;
			sourceTree = "<group>";
		};
		2A786073279D5F4500532E1D /* Views */ = {
			isa = PBXGroup;
			children = (
				2A786076279D601D00532E1D /* ForumListView.swift */,
				2AC15F7F27AEC145000F1DCB /* ForumList.ViewModel.swift */,
				2A786074279D5F6000532E1D /* ForumRow.swift */,
				2A7860BD279E998C00532E1D /* ForumCatalogView.swift */,
				2A7860BF279E9A4600532E1D /* ForumCatalog.ViewModel.swift */,
				2A7860B6279E94E600532E1D /* CatalogView.swift */,
				2A7860B4279E93F900532E1D /* CatalogRow.swift */,
				2A7860D9279FF32A00532E1D /* TopicListView.swift */,
				2A7860DB279FF33F00532E1D /* TopicList.ViewModel.swift */,
				2A7860D3279FF06500532E1D /* TopicRow.swift */,
				2AD1FDFA27A1B77000EE7778 /* AttributedTextView.swift */,
				2AD1FDF627A1B1C200EE7778 /* ContentSizeView.swift */,
				2AC15F8327B0147F000F1DCB /* AvailabilityView.swift */,
			);
			path = Views;
			sourceTree = "<group>";
		};
		2A7860AA279E7C1F00532E1D /* lodesmanTests */ = {
			isa = PBXGroup;
			children = (
				2AC15F9727B27B2E000F1DCB /* TopicTitleTests.swift */,
				2AC15F9327B11582000F1DCB /* ForumIdTests.swift */,
				2AC15F8F27B10697000F1DCB /* TopicIdTests.swift */,
				2A7860D7279FF14700532E1D /* ContentSizeViewModelTests.swift */,
				2AC15F8B27B04B0F000F1DCB /* ContentSizeTests.swift */,
				2AC15F8727B01EA7000F1DCB /* AvailabilityViewModelTests.swift */,
				2AC15F8527B0196D000F1DCB /* AvailabilityTests.swift */,
				2A7B61BF27A941BB00949123 /* ForumPageTopicTests.swift */,
				2A7B61BD27A931D600949123 /* ForumPageHeaderTests.swift */,
				2A7B61BB27A8359E00949123 /* ForumPageTests.swift */,
				2A7B61A527A5557300949123 /* ServerConnectionTests.swift */,
				2A7B619F27A53FD100949123 /* CatalogPageTests.swift */,
				2A7860DD279FF42C00532E1D /* TopicListViewModelTests.swift */,
				2A7860B2279E7C3A00532E1D /* CatalogTests.swift */,
				2A7B61B527A6C9E600949123 /* PersistentStorageTests.swift */,
			);
			path = lodesmanTests;
			sourceTree = "<group>";
		};
		2A7860B8279E969900532E1D /* Network */ = {
			isa = PBXGroup;
			children = (
				2A7860B9279E96B300532E1D /* ForumCatalogFetching.swift */,
				2A7B61C127A96A7500949123 /* TopicFetching.swift */,
				2A7860BB279E982800532E1D /* FetchingError.swift */,
				2A7B61A127A5491100949123 /* NetworkFetching.swift */,
				2A7B61A327A54A8400949123 /* ServerConnection.swift */,
				2A7B619B27A5393C00949123 /* CatalogPage.swift */,
				2A7B619D27A53B5100949123 /* XMLNode.swift */,
				2A7B61B927A8346700949123 /* ForumPage.swift */,
			);
			path = Network;
			sourceTree = "<group>";
		};
		2A7A8517279D3C83003579FF = {
			isa = PBXGroup;
			children = (
				2A7A8532279D3D54003579FF /* README.md */,
				2A7A8534279D3D61003579FF /* LICENSE */,
				2A7A8522279D3C83003579FF /* lodesman */,
				2A7860AA279E7C1F00532E1D /* lodesmanTests */,
				2A7A8521279D3C83003579FF /* Products */,
			);
			sourceTree = "<group>";
		};
		2A7A8521279D3C83003579FF /* Products */ = {
			isa = PBXGroup;
			children = (
				2A7A8520279D3C83003579FF /* lodesman.app */,
				2A7860A9279E7C1F00532E1D /* lodesmanTests.xctest */,
			);
			name = Products;
			sourceTree = "<group>";
		};
		2A7A8522279D3C83003579FF /* lodesman */ = {
			isa = PBXGroup;
			children = (
				2A5B059427A40E2500319826 /* ContentViews */,
				2A5B058D27A40BEB00319826 /* Controls */,
				2A7860B8279E969900532E1D /* Network */,
				2A786073279D5F4500532E1D /* Views */,
				2A786070279D5EA200532E1D /* Model */,
				2A7B61A727A6C45300949123 /* Persistent */,
				2A7A8523279D3C83003579FF /* lodesmanApp.swift */,
				2A7A8527279D3C84003579FF /* Assets.xcassets */,
				2A7A852C279D3C84003579FF /* lodesman.entitlements */,
				2A7A8529279D3C84003579FF /* Preview Content */,
			);
			path = lodesman;
			sourceTree = "<group>";
		};
		2A7A8529279D3C84003579FF /* Preview Content */ = {
			isa = PBXGroup;
			children = (
				2A7A852A279D3C84003579FF /* Preview Assets.xcassets */,
			);
			path = "Preview Content";
			sourceTree = "<group>";
		};
		2A7B61A727A6C45300949123 /* Persistent */ = {
			isa = PBXGroup;
			children = (
				2A7B61A827A6C47B00949123 /* lodesman.xcdatamodeld */,
				2A7B61AE27A6C49F00949123 /* MOAttachment.swift */,
				2A7B61AB27A6C49F00949123 /* MOForum.swift */,
				2A7B61AC27A6C49F00949123 /* MOTopic.swift */,
				2A7B61B327A6C9AF00949123 /* Storage.swift */,
				2A7B61AD27A6C49F00949123 /* Persistent.swift */,
			);
			path = Persistent;
			sourceTree = "<group>";
		};
/* End PBXGroup section */

/* Begin PBXNativeTarget section */
		2A7860A8279E7C1F00532E1D /* lodesmanTests */ = {
			isa = PBXNativeTarget;
			buildConfigurationList = 2A7860AF279E7C1F00532E1D /* Build configuration list for PBXNativeTarget "lodesmanTests" */;
			buildPhases = (
				2A7860A5279E7C1F00532E1D /* Sources */,
				2A7860A6279E7C1F00532E1D /* Frameworks */,
				2A7860A7279E7C1F00532E1D /* Resources */,
			);
			buildRules = (
			);
			dependencies = (
				2A7860AE279E7C1F00532E1D /* PBXTargetDependency */,
			);
			name = lodesmanTests;
			productName = lodesmanTests;
			productReference = 2A7860A9279E7C1F00532E1D /* lodesmanTests.xctest */;
			productType = "com.apple.product-type.bundle.unit-test";
		};
		2A7A851F279D3C83003579FF /* lodesman */ = {
			isa = PBXNativeTarget;
			buildConfigurationList = 2A7A852F279D3C84003579FF /* Build configuration list for PBXNativeTarget "lodesman" */;
			buildPhases = (
				2A7A851C279D3C83003579FF /* Sources */,
				2A7A851D279D3C83003579FF /* Frameworks */,
				2A7A851E279D3C83003579FF /* Resources */,
			);
			buildRules = (
			);
			dependencies = (
			);
			name = lodesman;
			productName = lodesman;
			productReference = 2A7A8520279D3C83003579FF /* lodesman.app */;
			productType = "com.apple.product-type.application";
		};
/* End PBXNativeTarget section */

/* Begin PBXProject section */
		2A7A8518279D3C83003579FF /* Project object */ = {
			isa = PBXProject;
			attributes = {
				BuildIndependentTargetsInParallel = 1;
				LastSwiftUpdateCheck = 1320;
				LastUpgradeCheck = 1320;
				TargetAttributes = {
					2A7860A8279E7C1F00532E1D = {
						CreatedOnToolsVersion = 13.2.1;
						TestTargetID = 2A7A851F279D3C83003579FF;
					};
					2A7A851F279D3C83003579FF = {
						CreatedOnToolsVersion = 13.2.1;
					};
				};
			};
			buildConfigurationList = 2A7A851B279D3C83003579FF /* Build configuration list for PBXProject "lodesman" */;
			compatibilityVersion = "Xcode 13.0";
			developmentRegion = en;
			hasScannedForEncodings = 0;
			knownRegions = (
				en,
				Base,
			);
			mainGroup = 2A7A8517279D3C83003579FF;
			productRefGroup = 2A7A8521279D3C83003579FF /* Products */;
			projectDirPath = "";
			projectRoot = "";
			targets = (
				2A7A851F279D3C83003579FF /* lodesman */,
				2A7860A8279E7C1F00532E1D /* lodesmanTests */,
			);
		};
/* End PBXProject section */

/* Begin PBXResourcesBuildPhase section */
		2A7860A7279E7C1F00532E1D /* Resources */ = {
			isa = PBXResourcesBuildPhase;
			buildActionMask = 2147483647;
			files = (
			);
			runOnlyForDeploymentPostprocessing = 0;
		};
		2A7A851E279D3C83003579FF /* Resources */ = {
			isa = PBXResourcesBuildPhase;
			buildActionMask = 2147483647;
			files = (
				2A7A8533279D3D54003579FF /* README.md in Resources */,
				2A7A852B279D3C84003579FF /* Preview Assets.xcassets in Resources */,
				2A7A8535279D3D61003579FF /* LICENSE in Resources */,
				2A7A8528279D3C84003579FF /* Assets.xcassets in Resources */,
			);
			runOnlyForDeploymentPostprocessing = 0;
		};
/* End PBXResourcesBuildPhase section */

/* Begin PBXSourcesBuildPhase section */
		2A7860A5279E7C1F00532E1D /* Sources */ = {
			isa = PBXSourcesBuildPhase;
			buildActionMask = 2147483647;
			files = (
				2A7B61C027A941BB00949123 /* ForumPageTopicTests.swift in Sources */,
				2A7B61A027A53FD100949123 /* CatalogPageTests.swift in Sources */,
				2A7860B3279E7C3A00532E1D /* CatalogTests.swift in Sources */,
				2AC15F9027B10697000F1DCB /* TopicIdTests.swift in Sources */,
				2A7B61B627A6C9E600949123 /* PersistentStorageTests.swift in Sources */,
				2A7860DE279FF42C00532E1D /* TopicListViewModelTests.swift in Sources */,
				2A7B61BC27A8359E00949123 /* ForumPageTests.swift in Sources */,
				2AC15F8C27B04B0F000F1DCB /* ContentSizeTests.swift in Sources */,
				2AC15F9427B11582000F1DCB /* ForumIdTests.swift in Sources */,
				2A7B61A627A5557300949123 /* ServerConnectionTests.swift in Sources */,
				2A7860D8279FF14700532E1D /* ContentSizeViewModelTests.swift in Sources */,
				2AC15F8627B0196D000F1DCB /* AvailabilityTests.swift in Sources */,
				2AC15F9827B27B2E000F1DCB /* TopicTitleTests.swift in Sources */,
				2AC15F8827B01EA7000F1DCB /* AvailabilityViewModelTests.swift in Sources */,
				2A7B61BE27A931D600949123 /* ForumPageHeaderTests.swift in Sources */,
			);
			runOnlyForDeploymentPostprocessing = 0;
		};
		2A7A851C279D3C83003579FF /* Sources */ = {
			isa = PBXSourcesBuildPhase;
			buildActionMask = 2147483647;
			files = (
				2A7A8526279D3C83003579FF /* ContentView.swift in Sources */,
				2AC15F9627B26A56000F1DCB /* TopicTitle.swift in Sources */,
				2AC15F7827AACD6A000F1DCB /* Content.ViewModel.swift in Sources */,
				2A7860BE279E998C00532E1D /* ForumCatalogView.swift in Sources */,
				2A7B61BA27A8346700949123 /* ForumPage.swift in Sources */,
				2A7B61B427A6C9AF00949123 /* Storage.swift in Sources */,
				2A53706327A4292D000ABBDA /* TopicPinButton.swift in Sources */,
				2A53706527A42DE8000ABBDA /* TopicsView.swift in Sources */,
				2A7860D4279FF06500532E1D /* TopicRow.swift in Sources */,
				2A7860A4279E779A00532E1D /* Catalog.swift in Sources */,
				2A7B61AF27A6C49F00949123 /* MOForum.swift in Sources */,
				2A7860DA279FF32A00532E1D /* TopicListView.swift in Sources */,
				2A7860BC279E982800532E1D /* FetchingError.swift in Sources */,
				2AC15F9227B10C95000F1DCB /* ForumId.swift in Sources */,
				2A7860B7279E94E600532E1D /* CatalogView.swift in Sources */,
				2A7A8524279D3C83003579FF /* lodesmanApp.swift in Sources */,
				2A786075279D5F6000532E1D /* ForumRow.swift in Sources */,
				2A7B61B027A6C49F00949123 /* MOTopic.swift in Sources */,
				2A7B61AA27A6C47B00949123 /* lodesman.xcdatamodeld in Sources */,
				2AC15F8227B00E58000F1DCB /* Availability.swift in Sources */,
				2A7860BA279E96B300532E1D /* ForumCatalogFetching.swift in Sources */,
				2A7B619E27A53B5100949123 /* XMLNode.swift in Sources */,
				2A5B058F27A40C0400319826 /* ToggleSidebarButton.swift in Sources */,
				2AD1FDF727A1B1C200EE7778 /* ContentSizeView.swift in Sources */,
				2A7B61C227A96A7500949123 /* TopicFetching.swift in Sources */,
				2AD1FDFB27A1B77000EE7778 /* AttributedTextView.swift in Sources */,
				2A7B61B227A6C49F00949123 /* MOAttachment.swift in Sources */,
				2A5B059127A40C6400319826 /* ForumSubscriptionButton.swift in Sources */,
				2A5B059827A4222B00319826 /* TopicStorage.swift in Sources */,
				2A53706127A427D8000ABBDA /* TopicSortOrderPicker.swift in Sources */,
				2A7860DC279FF33F00532E1D /* TopicList.ViewModel.swift in Sources */,
				2A7B61B127A6C49F00949123 /* Persistent.swift in Sources */,
				2A7B619C27A5393C00949123 /* CatalogPage.swift in Sources */,
				2A7860D2279FEB7600532E1D /* Topic.swift in Sources */,
				2A5B059627A40E3D00319826 /* SidebarView.swift in Sources */,
				2A7860B5279E93F900532E1D /* CatalogRow.swift in Sources */,
				2AC15F8427B0147F000F1DCB /* AvailabilityView.swift in Sources */,
				2A7B61A227A5491100949123 /* NetworkFetching.swift in Sources */,
				2A5B059327A40CAB00319826 /* ForumUnsubscriptionButton.swift in Sources */,
				2AC15F8A27B02F93000F1DCB /* ContentSize.swift in Sources */,
				2AC15F8E27B0FC75000F1DCB /* TopicId.swift in Sources */,
				2A7B61A427A54A8400949123 /* ServerConnection.swift in Sources */,
				2AC15F8027AEC145000F1DCB /* ForumList.ViewModel.swift in Sources */,
				2A7860C0279E9A4600532E1D /* ForumCatalog.ViewModel.swift in Sources */,
				2A786077279D601D00532E1D /* ForumListView.swift in Sources */,
				2A786072279D5EB900532E1D /* Forum.swift in Sources */,
				2A5B058C27A40AD300319826 /* ForumStorage.swift in Sources */,
			);
			runOnlyForDeploymentPostprocessing = 0;
		};
/* End PBXSourcesBuildPhase section */

/* Begin PBXTargetDependency section */
		2A7860AE279E7C1F00532E1D /* PBXTargetDependency */ = {
			isa = PBXTargetDependency;
			target = 2A7A851F279D3C83003579FF /* lodesman */;
			targetProxy = 2A7860AD279E7C1F00532E1D /* PBXContainerItemProxy */;
		};
/* End PBXTargetDependency section */

/* Begin XCBuildConfiguration section */
		2A7860B0279E7C1F00532E1D /* Debug */ = {
			isa = XCBuildConfiguration;
			buildSettings = {
				BUNDLE_LOADER = "$(TEST_HOST)";
				CODE_SIGN_STYLE = Automatic;
				CURRENT_PROJECT_VERSION = 1;
				GENERATE_INFOPLIST_FILE = YES;
				MARKETING_VERSION = 1.0;
				PRODUCT_BUNDLE_IDENTIFIER = ee.82e21c2fe.lodesmanTests;
				PRODUCT_NAME = "$(TARGET_NAME)";
				SWIFT_EMIT_LOC_STRINGS = NO;
				SWIFT_VERSION = 5.0;
				TEST_HOST = "$(BUILT_PRODUCTS_DIR)/lodesman.app/Contents/MacOS/lodesman";
			};
			name = Debug;
		};
		2A7860B1279E7C1F00532E1D /* Release */ = {
			isa = XCBuildConfiguration;
			buildSettings = {
				BUNDLE_LOADER = "$(TEST_HOST)";
				CODE_SIGN_STYLE = Automatic;
				CURRENT_PROJECT_VERSION = 1;
				GENERATE_INFOPLIST_FILE = YES;
				MARKETING_VERSION = 1.0;
				PRODUCT_BUNDLE_IDENTIFIER = ee.82e21c2fe.lodesmanTests;
				PRODUCT_NAME = "$(TARGET_NAME)";
				SWIFT_EMIT_LOC_STRINGS = NO;
				SWIFT_VERSION = 5.0;
				TEST_HOST = "$(BUILT_PRODUCTS_DIR)/lodesman.app/Contents/MacOS/lodesman";
			};
			name = Release;
		};
		2A7A852D279D3C84003579FF /* Debug */ = {
			isa = XCBuildConfiguration;
			buildSettings = {
				ALWAYS_SEARCH_USER_PATHS = NO;
				CLANG_ANALYZER_NONNULL = YES;
				CLANG_ANALYZER_NUMBER_OBJECT_CONVERSION = YES_AGGRESSIVE;
				CLANG_CXX_LANGUAGE_STANDARD = "gnu++17";
				CLANG_CXX_LIBRARY = "libc++";
				CLANG_ENABLE_MODULES = YES;
				CLANG_ENABLE_OBJC_ARC = YES;
				CLANG_ENABLE_OBJC_WEAK = YES;
				CLANG_WARN_BLOCK_CAPTURE_AUTORELEASING = YES;
				CLANG_WARN_BOOL_CONVERSION = YES;
				CLANG_WARN_COMMA = YES;
				CLANG_WARN_CONSTANT_CONVERSION = YES;
				CLANG_WARN_DEPRECATED_OBJC_IMPLEMENTATIONS = YES;
				CLANG_WARN_DIRECT_OBJC_ISA_USAGE = YES_ERROR;
				CLANG_WARN_DOCUMENTATION_COMMENTS = YES;
				CLANG_WARN_EMPTY_BODY = YES;
				CLANG_WARN_ENUM_CONVERSION = YES;
				CLANG_WARN_INFINITE_RECURSION = YES;
				CLANG_WARN_INT_CONVERSION = YES;
				CLANG_WARN_NON_LITERAL_NULL_CONVERSION = YES;
				CLANG_WARN_OBJC_IMPLICIT_RETAIN_SELF = YES;
				CLANG_WARN_OBJC_LITERAL_CONVERSION = YES;
				CLANG_WARN_OBJC_ROOT_CLASS = YES_ERROR;
				CLANG_WARN_QUOTED_INCLUDE_IN_FRAMEWORK_HEADER = YES;
				CLANG_WARN_RANGE_LOOP_ANALYSIS = YES;
				CLANG_WARN_STRICT_PROTOTYPES = YES;
				CLANG_WARN_SUSPICIOUS_MOVE = YES;
				CLANG_WARN_UNGUARDED_AVAILABILITY = YES_AGGRESSIVE;
				CLANG_WARN_UNREACHABLE_CODE = YES;
				CLANG_WARN__DUPLICATE_METHOD_MATCH = YES;
				COPY_PHASE_STRIP = NO;
				DEBUG_INFORMATION_FORMAT = dwarf;
				ENABLE_STRICT_OBJC_MSGSEND = YES;
				ENABLE_TESTABILITY = YES;
				GCC_C_LANGUAGE_STANDARD = gnu11;
				GCC_DYNAMIC_NO_PIC = NO;
				GCC_NO_COMMON_BLOCKS = YES;
				GCC_OPTIMIZATION_LEVEL = 0;
				GCC_PREPROCESSOR_DEFINITIONS = (
					"DEBUG=1",
					"$(inherited)",
				);
				GCC_WARN_64_TO_32_BIT_CONVERSION = YES;
				GCC_WARN_ABOUT_RETURN_TYPE = YES_ERROR;
				GCC_WARN_UNDECLARED_SELECTOR = YES;
				GCC_WARN_UNINITIALIZED_AUTOS = YES_AGGRESSIVE;
				GCC_WARN_UNUSED_FUNCTION = YES;
				GCC_WARN_UNUSED_VARIABLE = YES;
				MACOSX_DEPLOYMENT_TARGET = 11.6;
				MTL_ENABLE_DEBUG_INFO = INCLUDE_SOURCE;
				MTL_FAST_MATH = YES;
				ONLY_ACTIVE_ARCH = YES;
				SDKROOT = macosx;
				SWIFT_ACTIVE_COMPILATION_CONDITIONS = DEBUG;
				SWIFT_OPTIMIZATION_LEVEL = "-Onone";
			};
			name = Debug;
		};
		2A7A852E279D3C84003579FF /* Release */ = {
			isa = XCBuildConfiguration;
			buildSettings = {
				ALWAYS_SEARCH_USER_PATHS = NO;
				CLANG_ANALYZER_NONNULL = YES;
				CLANG_ANALYZER_NUMBER_OBJECT_CONVERSION = YES_AGGRESSIVE;
				CLANG_CXX_LANGUAGE_STANDARD = "gnu++17";
				CLANG_CXX_LIBRARY = "libc++";
				CLANG_ENABLE_MODULES = YES;
				CLANG_ENABLE_OBJC_ARC = YES;
				CLANG_ENABLE_OBJC_WEAK = YES;
				CLANG_WARN_BLOCK_CAPTURE_AUTORELEASING = YES;
				CLANG_WARN_BOOL_CONVERSION = YES;
				CLANG_WARN_COMMA = YES;
				CLANG_WARN_CONSTANT_CONVERSION = YES;
				CLANG_WARN_DEPRECATED_OBJC_IMPLEMENTATIONS = YES;
				CLANG_WARN_DIRECT_OBJC_ISA_USAGE = YES_ERROR;
				CLANG_WARN_DOCUMENTATION_COMMENTS = YES;
				CLANG_WARN_EMPTY_BODY = YES;
				CLANG_WARN_ENUM_CONVERSION = YES;
				CLANG_WARN_INFINITE_RECURSION = YES;
				CLANG_WARN_INT_CONVERSION = YES;
				CLANG_WARN_NON_LITERAL_NULL_CONVERSION = YES;
				CLANG_WARN_OBJC_IMPLICIT_RETAIN_SELF = YES;
				CLANG_WARN_OBJC_LITERAL_CONVERSION = YES;
				CLANG_WARN_OBJC_ROOT_CLASS = YES_ERROR;
				CLANG_WARN_QUOTED_INCLUDE_IN_FRAMEWORK_HEADER = YES;
				CLANG_WARN_RANGE_LOOP_ANALYSIS = YES;
				CLANG_WARN_STRICT_PROTOTYPES = YES;
				CLANG_WARN_SUSPICIOUS_MOVE = YES;
				CLANG_WARN_UNGUARDED_AVAILABILITY = YES_AGGRESSIVE;
				CLANG_WARN_UNREACHABLE_CODE = YES;
				CLANG_WARN__DUPLICATE_METHOD_MATCH = YES;
				COPY_PHASE_STRIP = NO;
				DEBUG_INFORMATION_FORMAT = "dwarf-with-dsym";
				ENABLE_NS_ASSERTIONS = NO;
				ENABLE_STRICT_OBJC_MSGSEND = YES;
				GCC_C_LANGUAGE_STANDARD = gnu11;
				GCC_NO_COMMON_BLOCKS = YES;
				GCC_WARN_64_TO_32_BIT_CONVERSION = YES;
				GCC_WARN_ABOUT_RETURN_TYPE = YES_ERROR;
				GCC_WARN_UNDECLARED_SELECTOR = YES;
				GCC_WARN_UNINITIALIZED_AUTOS = YES_AGGRESSIVE;
				GCC_WARN_UNUSED_FUNCTION = YES;
				GCC_WARN_UNUSED_VARIABLE = YES;
				MACOSX_DEPLOYMENT_TARGET = 11.6;
				MTL_ENABLE_DEBUG_INFO = NO;
				MTL_FAST_MATH = YES;
				SDKROOT = macosx;
				SWIFT_COMPILATION_MODE = wholemodule;
				SWIFT_OPTIMIZATION_LEVEL = "-O";
			};
			name = Release;
		};
		2A7A8530279D3C84003579FF /* Debug */ = {
			isa = XCBuildConfiguration;
			buildSettings = {
				ASSETCATALOG_COMPILER_APPICON_NAME = AppIcon;
				ASSETCATALOG_COMPILER_GLOBAL_ACCENT_COLOR_NAME = AccentColor;
				CODE_SIGN_ENTITLEMENTS = lodesman/lodesman.entitlements;
				CODE_SIGN_STYLE = Automatic;
				COMBINE_HIDPI_IMAGES = YES;
				CURRENT_PROJECT_VERSION = 1;
				DEVELOPMENT_ASSET_PATHS = "\"lodesman/Preview Content\"";
				ENABLE_PREVIEWS = YES;
				GENERATE_INFOPLIST_FILE = YES;
				INFOPLIST_KEY_NSHumanReadableCopyright = "";
				LD_RUNPATH_SEARCH_PATHS = (
					"$(inherited)",
					"@executable_path/../Frameworks",
				);
				MARKETING_VERSION = 1.0;
				PRODUCT_BUNDLE_IDENTIFIER = ee.82e21c2fe.lodesman;
				PRODUCT_NAME = "$(TARGET_NAME)";
				SWIFT_EMIT_LOC_STRINGS = YES;
				SWIFT_VERSION = 5.0;
			};
			name = Debug;
		};
		2A7A8531279D3C84003579FF /* Release */ = {
			isa = XCBuildConfiguration;
			buildSettings = {
				ASSETCATALOG_COMPILER_APPICON_NAME = AppIcon;
				ASSETCATALOG_COMPILER_GLOBAL_ACCENT_COLOR_NAME = AccentColor;
				CODE_SIGN_ENTITLEMENTS = lodesman/lodesman.entitlements;
				CODE_SIGN_STYLE = Automatic;
				COMBINE_HIDPI_IMAGES = YES;
				CURRENT_PROJECT_VERSION = 1;
				DEVELOPMENT_ASSET_PATHS = "\"lodesman/Preview Content\"";
				ENABLE_PREVIEWS = YES;
				GENERATE_INFOPLIST_FILE = YES;
				INFOPLIST_KEY_NSHumanReadableCopyright = "";
				LD_RUNPATH_SEARCH_PATHS = (
					"$(inherited)",
					"@executable_path/../Frameworks",
				);
				MARKETING_VERSION = 1.0;
				PRODUCT_BUNDLE_IDENTIFIER = ee.82e21c2fe.lodesman;
				PRODUCT_NAME = "$(TARGET_NAME)";
				SWIFT_EMIT_LOC_STRINGS = YES;
				SWIFT_VERSION = 5.0;
			};
			name = Release;
		};
/* End XCBuildConfiguration section */

/* Begin XCConfigurationList section */
		2A7860AF279E7C1F00532E1D /* Build configuration list for PBXNativeTarget "lodesmanTests" */ = {
			isa = XCConfigurationList;
			buildConfigurations = (
				2A7860B0279E7C1F00532E1D /* Debug */,
				2A7860B1279E7C1F00532E1D /* Release */,
			);
			defaultConfigurationIsVisible = 0;
			defaultConfigurationName = Release;
		};
		2A7A851B279D3C83003579FF /* Build configuration list for PBXProject "lodesman" */ = {
			isa = XCConfigurationList;
			buildConfigurations = (
				2A7A852D279D3C84003579FF /* Debug */,
				2A7A852E279D3C84003579FF /* Release */,
			);
			defaultConfigurationIsVisible = 0;
			defaultConfigurationName = Release;
		};
		2A7A852F279D3C84003579FF /* Build configuration list for PBXNativeTarget "lodesman" */ = {
			isa = XCConfigurationList;
			buildConfigurations = (
				2A7A8530279D3C84003579FF /* Debug */,
				2A7A8531279D3C84003579FF /* Release */,
			);
			defaultConfigurationIsVisible = 0;
			defaultConfigurationName = Release;
		};
/* End XCConfigurationList section */

/* Begin XCVersionGroup section */
		2A7B61A827A6C47B00949123 /* lodesman.xcdatamodeld */ = {
			isa = XCVersionGroup;
			children = (
				2A7B61A927A6C47B00949123 /* lodesman.xcdatamodel */,
			);
			currentVersion = 2A7B61A927A6C47B00949123 /* lodesman.xcdatamodel */;
			path = lodesman.xcdatamodeld;
			sourceTree = "<group>";
			versionGroupType = wrapper.xcdatamodel;
		};
/* End XCVersionGroup section */
	};
	rootObject = 2A7A8518279D3C83003579FF /* Project object */;
}
